// !$*UTF8*$!
{
	archiveVersion = 1;
	classes = {
	};
	objectVersion = 77;
	objects = {

/* Begin PBXContainerItemProxy section */
		C09694102CF7EFE500B7B3C4 /* PBXContainerItemProxy */ = {
			isa = PBXContainerItemProxy;
			containerPortal = C09693F32CF7EFE300B7B3C4 /* Project object */;
			proxyType = 1;
			remoteGlobalIDString = C09693FA2CF7EFE300B7B3C4;
			remoteInfo = DevInfo;
		};
		C096941A2CF7EFE500B7B3C4 /* PBXContainerItemProxy */ = {
			isa = PBXContainerItemProxy;
			containerPortal = C09693F32CF7EFE300B7B3C4 /* Project object */;
			proxyType = 1;
			remoteGlobalIDString = C09693FA2CF7EFE300B7B3C4;
			remoteInfo = DevInfo;
		};
/* End PBXContainerItemProxy section */

/* Begin PBXFileReference section */
		C09693FB2CF7EFE300B7B3C4 /* DevInfo.app */ = {isa = PBXFileReference; explicitFileType = wrapper.application; includeInIndex = 0; path = DevInfo.app; sourceTree = BUILT_PRODUCTS_DIR; };
		C096940F2CF7EFE500B7B3C4 /* DevInfoTests.xctest */ = {isa = PBXFileReference; explicitFileType = wrapper.cfbundle; includeInIndex = 0; path = DevInfoTests.xctest; sourceTree = BUILT_PRODUCTS_DIR; };
		C09694192CF7EFE500B7B3C4 /* DevInfoUITests.xctest */ = {isa = PBXFileReference; explicitFileType = wrapper.cfbundle; includeInIndex = 0; path = DevInfoUITests.xctest; sourceTree = BUILT_PRODUCTS_DIR; };
/* End PBXFileReference section */

/* Begin PBXFileSystemSynchronizedBuildFileExceptionSet section */
		C09694212CF7EFE500B7B3C4 /* Exceptions for "DevInfo" folder in "DevInfo" target */ = {
			isa = PBXFileSystemSynchronizedBuildFileExceptionSet;
			membershipExceptions = (
				Info.plist,
			);
			target = C09693FA2CF7EFE300B7B3C4 /* DevInfo */;
		};
/* End PBXFileSystemSynchronizedBuildFileExceptionSet section */

/* Begin PBXFileSystemSynchronizedRootGroup section */
		C09693FD2CF7EFE300B7B3C4 /* DevInfo */ = {
			isa = PBXFileSystemSynchronizedRootGroup;
			exceptions = (
				C09694212CF7EFE500B7B3C4 /* Exceptions for "DevInfo" folder in "DevInfo" target */,
			);
			path = DevInfo;
			sourceTree = "<group>";
		};
		C09694122CF7EFE500B7B3C4 /* DevInfoTests */ = {
			isa = PBXFileSystemSynchronizedRootGroup;
			path = DevInfoTests;
			sourceTree = "<group>";
		};
		C096941C2CF7EFE500B7B3C4 /* DevInfoUITests */ = {
			isa = PBXFileSystemSynchronizedRootGroup;
			path = DevInfoUITests;
			sourceTree = "<group>";
		};
/* End PBXFileSystemSynchronizedRootGroup section */

/* Begin PBXFrameworksBuildPhase section */
		C09693F82CF7EFE300B7B3C4 /* Frameworks */ = {
			isa = PBXFrameworksBuildPhase;
			buildActionMask = 2147483647;
			files = (
			);
			runOnlyForDeploymentPostprocessing = 0;
		};
		C096940C2CF7EFE500B7B3C4 /* Frameworks */ = {
			isa = PBXFrameworksBuildPhase;
			buildActionMask = 2147483647;
			files = (
			);
			runOnlyForDeploymentPostprocessing = 0;
		};
		C09694162CF7EFE500B7B3C4 /* Frameworks */ = {
			isa = PBXFrameworksBuildPhase;
			buildActionMask = 2147483647;
			files = (
			);
			runOnlyForDeploymentPostprocessing = 0;
		};
/* End PBXFrameworksBuildPhase section */

/* Begin PBXGroup section */
		C09693F22CF7EFE300B7B3C4 = {
			isa = PBXGroup;
			children = (
				C09693FD2CF7EFE300B7B3C4 /* DevInfo */,
				C09694122CF7EFE500B7B3C4 /* DevInfoTests */,
				C096941C2CF7EFE500B7B3C4 /* DevInfoUITests */,
				C09693FC2CF7EFE300B7B3C4 /* Products */,
			);
			sourceTree = "<group>";
		};
		C09693FC2CF7EFE300B7B3C4 /* Products */ = {
			isa = PBXGroup;
			children = (
				C09693FB2CF7EFE300B7B3C4 /* DevInfo.app */,
				C096940F2CF7EFE500B7B3C4 /* DevInfoTests.xctest */,
				C09694192CF7EFE500B7B3C4 /* DevInfoUITests.xctest */,
			);
			name = Products;
			sourceTree = "<group>";
		};
/* End PBXGroup section */

/* Begin PBXNativeTarget section */
		C09693FA2CF7EFE300B7B3C4 /* DevInfo */ = {
			isa = PBXNativeTarget;
			buildConfigurationList = C09694222CF7EFE500B7B3C4 /* Build configuration list for PBXNativeTarget "DevInfo" */;
			buildPhases = (
				C09693F72CF7EFE300B7B3C4 /* Sources */,
				C09693F82CF7EFE300B7B3C4 /* Frameworks */,
				C09693F92CF7EFE300B7B3C4 /* Resources */,
			);
			buildRules = (
			);
			dependencies = (
			);
			fileSystemSynchronizedGroups = (
				C09693FD2CF7EFE300B7B3C4 /* DevInfo */,
			);
			name = DevInfo;
			packageProductDependencies = (
			);
			productName = DevInfo;
			productReference = C09693FB2CF7EFE300B7B3C4 /* DevInfo.app */;
			productType = "com.apple.product-type.application";
		};
		C096940E2CF7EFE500B7B3C4 /* DevInfoTests */ = {
			isa = PBXNativeTarget;
			buildConfigurationList = C09694272CF7EFE500B7B3C4 /* Build configuration list for PBXNativeTarget "DevInfoTests" */;
			buildPhases = (
				C096940B2CF7EFE500B7B3C4 /* Sources */,
				C096940C2CF7EFE500B7B3C4 /* Frameworks */,
				C096940D2CF7EFE500B7B3C4 /* Resources */,
			);
			buildRules = (
			);
			dependencies = (
				C09694112CF7EFE500B7B3C4 /* PBXTargetDependency */,
			);
			fileSystemSynchronizedGroups = (
				C09694122CF7EFE500B7B3C4 /* DevInfoTests */,
			);
			name = DevInfoTests;
			packageProductDependencies = (
			);
			productName = DevInfoTests;
			productReference = C096940F2CF7EFE500B7B3C4 /* DevInfoTests.xctest */;
			productType = "com.apple.product-type.bundle.unit-test";
		};
		C09694182CF7EFE500B7B3C4 /* DevInfoUITests */ = {
			isa = PBXNativeTarget;
			buildConfigurationList = C096942A2CF7EFE500B7B3C4 /* Build configuration list for PBXNativeTarget "DevInfoUITests" */;
			buildPhases = (
				C09694152CF7EFE500B7B3C4 /* Sources */,
				C09694162CF7EFE500B7B3C4 /* Frameworks */,
				C09694172CF7EFE500B7B3C4 /* Resources */,
			);
			buildRules = (
			);
			dependencies = (
				C096941B2CF7EFE500B7B3C4 /* PBXTargetDependency */,
			);
			fileSystemSynchronizedGroups = (
				C096941C2CF7EFE500B7B3C4 /* DevInfoUITests */,
			);
			name = DevInfoUITests;
			packageProductDependencies = (
			);
			productName = DevInfoUITests;
			productReference = C09694192CF7EFE500B7B3C4 /* DevInfoUITests.xctest */;
			productType = "com.apple.product-type.bundle.ui-testing";
		};
/* End PBXNativeTarget section */

/* Begin PBXProject section */
		C09693F32CF7EFE300B7B3C4 /* Project object */ = {
			isa = PBXProject;
			attributes = {
				BuildIndependentTargetsInParallel = 1;
				LastSwiftUpdateCheck = 1610;
				LastUpgradeCheck = 1610;
				TargetAttributes = {
					C09693FA2CF7EFE300B7B3C4 = {
						CreatedOnToolsVersion = 16.1;
					};
					C096940E2CF7EFE500B7B3C4 = {
						CreatedOnToolsVersion = 16.1;
						TestTargetID = C09693FA2CF7EFE300B7B3C4;
					};
					C09694182CF7EFE500B7B3C4 = {
						CreatedOnToolsVersion = 16.1;
						TestTargetID = C09693FA2CF7EFE300B7B3C4;
					};
				};
			};
			buildConfigurationList = C09693F62CF7EFE300B7B3C4 /* Build configuration list for PBXProject "DevInfo" */;
			developmentRegion = en;
			hasScannedForEncodings = 0;
			knownRegions = (
				en,
				Base,
			);
			mainGroup = C09693F22CF7EFE300B7B3C4;
			minimizedProjectReferenceProxies = 1;
			preferredProjectObjectVersion = 77;
			productRefGroup = C09693FC2CF7EFE300B7B3C4 /* Products */;
			projectDirPath = "";
			projectRoot = "";
			targets = (
				C09693FA2CF7EFE300B7B3C4 /* DevInfo */,
				C096940E2CF7EFE500B7B3C4 /* DevInfoTests */,
				C09694182CF7EFE500B7B3C4 /* DevInfoUITests */,
			);
		};
/* End PBXProject section */

/* Begin PBXResourcesBuildPhase section */
		C09693F92CF7EFE300B7B3C4 /* Resources */ = {
			isa = PBXResourcesBuildPhase;
			buildActionMask = 2147483647;
			files = (
			);
			runOnlyForDeploymentPostprocessing = 0;
		};
		C096940D2CF7EFE500B7B3C4 /* Resources */ = {
			isa = PBXResourcesBuildPhase;
			buildActionMask = 2147483647;
			files = (
			);
			runOnlyForDeploymentPostprocessing = 0;
		};
		C09694172CF7EFE500B7B3C4 /* Resources */ = {
			isa = PBXResourcesBuildPhase;
			buildActionMask = 2147483647;
			files = (
			);
			runOnlyForDeploymentPostprocessing = 0;
		};
/* End PBXResourcesBuildPhase section */

/* Begin PBXSourcesBuildPhase section */
		C09693F72CF7EFE300B7B3C4 /* Sources */ = {
			isa = PBXSourcesBuildPhase;
			buildActionMask = 2147483647;
			files = (
			);
			runOnlyForDeploymentPostprocessing = 0;
		};
		C096940B2CF7EFE500B7B3C4 /* Sources */ = {
			isa = PBXSourcesBuildPhase;
			buildActionMask = 2147483647;
			files = (
			);
			runOnlyForDeploymentPostprocessing = 0;
		};
		C09694152CF7EFE500B7B3C4 /* Sources */ = {
			isa = PBXSourcesBuildPhase;
			buildActionMask = 2147483647;
			files = (
			);
			runOnlyForDeploymentPostprocessing = 0;
		};
/* End PBXSourcesBuildPhase section */

/* Begin PBXTargetDependency section */
		C09694112CF7EFE500B7B3C4 /* PBXTargetDependency */ = {
			isa = PBXTargetDependency;
			target = C09693FA2CF7EFE300B7B3C4 /* DevInfo */;
			targetProxy = C09694102CF7EFE500B7B3C4 /* PBXContainerItemProxy */;
		};
		C096941B2CF7EFE500B7B3C4 /* PBXTargetDependency */ = {
			isa = PBXTargetDependency;
			target = C09693FA2CF7EFE300B7B3C4 /* DevInfo */;
			targetProxy = C096941A2CF7EFE500B7B3C4 /* PBXContainerItemProxy */;
		};
/* End PBXTargetDependency section */

/* Begin XCBuildConfiguration section */
		C09694232CF7EFE500B7B3C4 /* Debug */ = {
			isa = XCBuildConfiguration;
			buildSettings = {
				ASSETCATALOG_COMPILER_APPICON_NAME = AppIcon;
				ASSETCATALOG_COMPILER_GLOBAL_ACCENT_COLOR_NAME = AccentColor;
				CODE_SIGN_ENTITLEMENTS = DevInfo/DevInfo.entitlements;
				CODE_SIGN_STYLE = Automatic;
				CURRENT_PROJECT_VERSION = 1;
				DEVELOPMENT_ASSET_PATHS = "\"DevInfo/Preview Content\"";
				DEVELOPMENT_TEAM = HUPDNC4PWJ;
				ENABLE_PREVIEWS = YES;
				GENERATE_INFOPLIST_FILE = YES;
				INFOPLIST_FILE = DevInfo/Info.plist;
				INFOPLIST_KEY_UIApplicationSceneManifest_Generation = YES;
				INFOPLIST_KEY_UIApplicationSupportsIndirectInputEvents = YES;
				INFOPLIST_KEY_UILaunchScreen_Generation = YES;
				INFOPLIST_KEY_UISupportedInterfaceOrientations_iPad = "UIInterfaceOrientationPortrait UIInterfaceOrientationPortraitUpsideDown UIInterfaceOrientationLandscapeLeft UIInterfaceOrientationLandscapeRight";
				INFOPLIST_KEY_UISupportedInterfaceOrientations_iPhone = "UIInterfaceOrientationPortrait UIInterfaceOrientationLandscapeLeft UIInterfaceOrientationLandscapeRight";
				LD_RUNPATH_SEARCH_PATHS = (
					"$(inherited)",
					"@executable_path/Frameworks",
				);
				MARKETING_VERSION = 1.0;
				PRODUCT_BUNDLE_IDENTIFIER = PDFSage.DevInfo;
				PRODUCT_NAME = "$(TARGET_NAME)";
				SWIFT_EMIT_LOC_STRINGS = YES;
				SWIFT_VERSION = 5.0;
				TARGETED_DEVICE_FAMILY = "1,2";
			};
			name = Debug;
		};
		C09694242CF7EFE500B7B3C4 /* Release */ = {
			isa = XCBuildConfiguration;
			buildSettings = {
				ASSETCATALOG_COMPILER_APPICON_NAME = AppIcon;
				ASSETCATALOG_COMPILER_GLOBAL_ACCENT_COLOR_NAME = AccentColor;
				CODE_SIGN_ENTITLEMENTS = DevInfo/DevInfo.entitlements;
				CODE_SIGN_STYLE = Automatic;
				CURRENT_PROJECT_VERSION = 1;
				DEVELOPMENT_ASSET_PATHS = "\"DevInfo/Preview Content\"";
				DEVELOPMENT_TEAM = HUPDNC4PWJ;
				ENABLE_PREVIEWS = YES;
				GENERATE_INFOPLIST_FILE = YES;
				INFOPLIST_FILE = DevInfo/Info.plist;
				INFOPLIST_KEY_UIApplicationSceneManifest_Generation = YES;
				INFOPLIST_KEY_UIApplicationSupportsIndirectInputEvents = YES;
				INFOPLIST_KEY_UILaunchScreen_Generation = YES;
				INFOPLIST_KEY_UISupportedInterfaceOrientations_iPad = "UIInterfaceOrientationPortrait UIInterfaceOrientationPortraitUpsideDown UIInterfaceOrientationLandscapeLeft UIInterfaceOrientationLandscapeRight";
				INFOPLIST_KEY_UISupportedInterfaceOrientations_iPhone = "UIInterfaceOrientationPortrait UIInterfaceOrientationLandscapeLeft UIInterfaceOrientationLandscapeRight";
				LD_RUNPATH_SEARCH_PATHS = (
					"$(inherited)",
					"@executable_path/Frameworks",
				);
				MARKETING_VERSION = 1.0;
				PRODUCT_BUNDLE_IDENTIFIER = PDFSage.DevInfo;
				PRODUCT_NAME = "$(TARGET_NAME)";
				SWIFT_EMIT_LOC_STRINGS = YES;
				SWIFT_VERSION = 5.0;
				TARGETED_DEVICE_FAMILY = "1,2";
			};
			name = Release;
		};
		C09694252CF7EFE500B7B3C4 /* Debug */ = {
			isa = XCBuildConfiguration;
			buildSettings = {
				ALWAYS_SEARCH_USER_PATHS = NO;
				ASSETCATALOG_COMPILER_GENERATE_SWIFT_ASSET_SYMBOL_EXTENSIONS = YES;
				CLANG_ANALYZER_NONNULL = YES;
				CLANG_ANALYZER_NUMBER_OBJECT_CONVERSION = YES_AGGRESSIVE;
				CLANG_CXX_LANGUAGE_STANDARD = "gnu++20";
				CLANG_ENABLE_MODULES = YES;
				CLANG_ENABLE_OBJC_ARC = YES;
				CLANG_ENABLE_OBJC_WEAK = YES;
				CLANG_WARN_BLOCK_CAPTURE_AUTORELEASING = YES;
				CLANG_WARN_BOOL_CONVERSION = YES;
				CLANG_WARN_COMMA = YES;
				CLANG_WARN_CONSTANT_CONVERSION = YES;
				CLANG_WARN_DEPRECATED_OBJC_IMPLEMENTATIONS = YES;
				CLANG_WARN_DIRECT_OBJC_ISA_USAGE = YES_ERROR;
				CLANG_WARN_DOCUMENTATION_COMMENTS = YES;
				CLANG_WARN_EMPTY_BODY = YES;
				CLANG_WARN_ENUM_CONVERSION = YES;
				CLANG_WARN_INFINITE_RECURSION = YES;
				CLANG_WARN_INT_CONVERSION = YES;
				CLANG_WARN_NON_LITERAL_NULL_CONVERSION = YES;
				CLANG_WARN_OBJC_IMPLICIT_RETAIN_SELF = YES;
				CLANG_WARN_OBJC_LITERAL_CONVERSION = YES;
				CLANG_WARN_OBJC_ROOT_CLASS = YES_ERROR;
				CLANG_WARN_QUOTED_INCLUDE_IN_FRAMEWORK_HEADER = YES;
				CLANG_WARN_RANGE_LOOP_ANALYSIS = YES;
				CLANG_WARN_STRICT_PROTOTYPES = YES;
				CLANG_WARN_SUSPICIOUS_MOVE = YES;
				CLANG_WARN_UNGUARDED_AVAILABILITY = YES_AGGRESSIVE;
				CLANG_WARN_UNREACHABLE_CODE = YES;
				CLANG_WARN__DUPLICATE_METHOD_MATCH = YES;
				COPY_PHASE_STRIP = NO;
				DEBUG_INFORMATION_FORMAT = dwarf;
				ENABLE_STRICT_OBJC_MSGSEND = YES;
				ENABLE_TESTABILITY = YES;
				ENABLE_USER_SCRIPT_SANDBOXING = YES;
				GCC_C_LANGUAGE_STANDARD = gnu17;
				GCC_DYNAMIC_NO_PIC = NO;
				GCC_NO_COMMON_BLOCKS = YES;
				GCC_OPTIMIZATION_LEVEL = 0;
				GCC_PREPROCESSOR_DEFINITIONS = (
					"DEBUG=1",
					"$(inherited)",
				);
				GCC_WARN_64_TO_32_BIT_CONVERSION = YES;
				GCC_WARN_ABOUT_RETURN_TYPE = YES_ERROR;
				GCC_WARN_UNDECLARED_SELECTOR = YES;
				GCC_WARN_UNINITIALIZED_AUTOS = YES_AGGRESSIVE;
				GCC_WARN_UNUSED_FUNCTION = YES;
				GCC_WARN_UNUSED_VARIABLE = YES;
				IPHONEOS_DEPLOYMENT_TARGET = 18.1;
				LOCALIZATION_PREFERS_STRING_CATALOGS = YES;
				MTL_ENABLE_DEBUG_INFO = INCLUDE_SOURCE;
				MTL_FAST_MATH = YES;
				ONLY_ACTIVE_ARCH = YES;
				SDKROOT = iphoneos;
				SWIFT_ACTIVE_COMPILATION_CONDITIONS = "DEBUG $(inherited)";
				SWIFT_OPTIMIZATION_LEVEL = "-Onone";
			};
			name = Debug;
		};
		C09694262CF7EFE500B7B3C4 /* Release */ = {
			isa = XCBuildConfiguration;
			buildSettings = {
				ALWAYS_SEARCH_USER_PATHS = NO;
				ASSETCATALOG_COMPILER_GENERATE_SWIFT_ASSET_SYMBOL_EXTENSIONS = YES;
				CLANG_ANALYZER_NONNULL = YES;
				CLANG_ANALYZER_NUMBER_OBJECT_CONVERSION = YES_AGGRESSIVE;
				CLANG_CXX_LANGUAGE_STANDARD = "gnu++20";
				CLANG_ENABLE_MODULES = YES;
				CLANG_ENABLE_OBJC_ARC = YES;
				CLANG_ENABLE_OBJC_WEAK = YES;
				CLANG_WARN_BLOCK_CAPTURE_AUTORELEASING = YES;
				CLANG_WARN_BOOL_CONVERSION = YES;
				CLANG_WARN_COMMA = YES;
				CLANG_WARN_CONSTANT_CONVERSION = YES;
				CLANG_WARN_DEPRECATED_OBJC_IMPLEMENTATIONS = YES;
				CLANG_WARN_DIRECT_OBJC_ISA_USAGE = YES_ERROR;
				CLANG_WARN_DOCUMENTATION_COMMENTS = YES;
				CLANG_WARN_EMPTY_BODY = YES;
				CLANG_WARN_ENUM_CONVERSION = YES;
				CLANG_WARN_INFINITE_RECURSION = YES;
				CLANG_WARN_INT_CONVERSION = YES;
				CLANG_WARN_NON_LITERAL_NULL_CONVERSION = YES;
				CLANG_WARN_OBJC_IMPLICIT_RETAIN_SELF = YES;
				CLANG_WARN_OBJC_LITERAL_CONVERSION = YES;
				CLANG_WARN_OBJC_ROOT_CLASS = YES_ERROR;
				CLANG_WARN_QUOTED_INCLUDE_IN_FRAMEWORK_HEADER = YES;
				CLANG_WARN_RANGE_LOOP_ANALYSIS = YES;
				CLANG_WARN_STRICT_PROTOTYPES = YES;
				CLANG_WARN_SUSPICIOUS_MOVE = YES;
				CLANG_WARN_UNGUARDED_AVAILABILITY = YES_AGGRESSIVE;
				CLANG_WARN_UNREACHABLE_CODE = YES;
				CLANG_WARN__DUPLICATE_METHOD_MATCH = YES;
				COPY_PHASE_STRIP = NO;
				DEBUG_INFORMATION_FORMAT = "dwarf-with-dsym";
				ENABLE_NS_ASSERTIONS = NO;
				ENABLE_STRICT_OBJC_MSGSEND = YES;
				ENABLE_USER_SCRIPT_SANDBOXING = YES;
				GCC_C_LANGUAGE_STANDARD = gnu17;
				GCC_NO_COMMON_BLOCKS = YES;
				GCC_WARN_64_TO_32_BIT_CONVERSION = YES;
				GCC_WARN_ABOUT_RETURN_TYPE = YES_ERROR;
				GCC_WARN_UNDECLARED_SELECTOR = YES;
				GCC_WARN_UNINITIALIZED_AUTOS = YES_AGGRESSIVE;
				GCC_WARN_UNUSED_FUNCTION = YES;
				GCC_WARN_UNUSED_VARIABLE = YES;
				IPHONEOS_DEPLOYMENT_TARGET = 18.1;
				LOCALIZATION_PREFERS_STRING_CATALOGS = YES;
				MTL_ENABLE_DEBUG_INFO = NO;
				MTL_FAST_MATH = YES;
				SDKROOT = iphoneos;
				SWIFT_COMPILATION_MODE = wholemodule;
				VALIDATE_PRODUCT = YES;
			};
			name = Release;
		};
		C09694282CF7EFE500B7B3C4 /* Debug */ = {
			isa = XCBuildConfiguration;
			buildSettings = {
				BUNDLE_LOADER = "$(TEST_HOST)";
				CODE_SIGN_STYLE = Automatic;
				CURRENT_PROJECT_VERSION = 1;
				DEVELOPMENT_TEAM = HUPDNC4PWJ;
				GENERATE_INFOPLIST_FILE = YES;
				IPHONEOS_DEPLOYMENT_TARGET = 18.1;
				MARKETING_VERSION = 1.0;
				PRODUCT_BUNDLE_IDENTIFIER = PDFSage.DevInfoTests;
				PRODUCT_NAME = "$(TARGET_NAME)";
				SWIFT_EMIT_LOC_STRINGS = NO;
				SWIFT_VERSION = 5.0;
				TARGETED_DEVICE_FAMILY = "1,2";
				TEST_HOST = "$(BUILT_PRODUCTS_DIR)/DevInfo.app/$(BUNDLE_EXECUTABLE_FOLDER_PATH)/DevInfo";
			};
			name = Debug;
		};
		C09694292CF7EFE500B7B3C4 /* Release */ = {
			isa = XCBuildConfiguration;
			buildSettings = {
				BUNDLE_LOADER = "$(TEST_HOST)";
				CODE_SIGN_STYLE = Automatic;
				CURRENT_PROJECT_VERSION = 1;
				DEVELOPMENT_TEAM = HUPDNC4PWJ;
				GENERATE_INFOPLIST_FILE = YES;
				IPHONEOS_DEPLOYMENT_TARGET = 18.1;
				MARKETING_VERSION = 1.0;
				PRODUCT_BUNDLE_IDENTIFIER = PDFSage.DevInfoTests;
				PRODUCT_NAME = "$(TARGET_NAME)";
				SWIFT_EMIT_LOC_STRINGS = NO;
				SWIFT_VERSION = 5.0;
				TARGETED_DEVICE_FAMILY = "1,2";
				TEST_HOST = "$(BUILT_PRODUCTS_DIR)/DevInfo.app/$(BUNDLE_EXECUTABLE_FOLDER_PATH)/DevInfo";
			};
			name = Release;
		};
		C096942B2CF7EFE500B7B3C4 /* Debug */ = {
			isa = XCBuildConfiguration;
			buildSettings = {
				CODE_SIGN_STYLE = Automatic;
				CURRENT_PROJECT_VERSION = 1;
				DEVELOPMENT_TEAM = HUPDNC4PWJ;
				GENERATE_INFOPLIST_FILE = YES;
				MARKETING_VERSION = 1.0;
				PRODUCT_BUNDLE_IDENTIFIER = PDFSage.DevInfoUITests;
				PRODUCT_NAME = "$(TARGET_NAME)";
				SWIFT_EMIT_LOC_STRINGS = NO;
				SWIFT_VERSION = 5.0;
				TARGETED_DEVICE_FAMILY = "1,2";
				TEST_TARGET_NAME = DevInfo;
			};
			name = Debug;
		};
		C096942C2CF7EFE500B7B3C4 /* Release */ = {
			isa = XCBuildConfiguration;
			buildSettings = {
				CODE_SIGN_STYLE = Automatic;
				CURRENT_PROJECT_VERSION = 1;
				DEVELOPMENT_TEAM = HUPDNC4PWJ;
				GENERATE_INFOPLIST_FILE = YES;
				MARKETING_VERSION = 1.0;
				PRODUCT_BUNDLE_IDENTIFIER = PDFSage.DevInfoUITests;
				PRODUCT_NAME = "$(TARGET_NAME)";
				SWIFT_EMIT_LOC_STRINGS = NO;
				SWIFT_VERSION = 5.0;
				TARGETED_DEVICE_FAMILY = "1,2";
				TEST_TARGET_NAME = DevInfo;
			};
			name = Release;
		};
/* End XCBuildConfiguration section */

/* Begin XCConfigurationList section */
		C09693F62CF7EFE300B7B3C4 /* Build configuration list for PBXProject "DevInfo" */ = {
			isa = XCConfigurationList;
			buildConfigurations = (
				C09694252CF7EFE500B7B3C4 /* Debug */,
				C09694262CF7EFE500B7B3C4 /* Release */,
			);
			defaultConfigurationIsVisible = 0;
			defaultConfigurationName = Release;
		};
		C09694222CF7EFE500B7B3C4 /* Build configuration list for PBXNativeTarget "DevInfo" */ = {
			isa = XCConfigurationList;
			buildConfigurations = (
				C09694232CF7EFE500B7B3C4 /* Debug */,
				C09694242CF7EFE500B7B3C4 /* Release */,
			);
			defaultConfigurationIsVisible = 0;
			defaultConfigurationName = Release;
		};
		C09694272CF7EFE500B7B3C4 /* Build configuration list for PBXNativeTarget "DevInfoTests" */ = {
			isa = XCConfigurationList;
			buildConfigurations = (
				C09694282CF7EFE500B7B3C4 /* Debug */,
				C09694292CF7EFE500B7B3C4 /* Release */,
			);
			defaultConfigurationIsVisible = 0;
			defaultConfigurationName = Release;
		};
		C096942A2CF7EFE500B7B3C4 /* Build configuration list for PBXNativeTarget "DevInfoUITests" */ = {
			isa = XCConfigurationList;
			buildConfigurations = (
				C096942B2CF7EFE500B7B3C4 /* Debug */,
				C096942C2CF7EFE500B7B3C4 /* Release */,
			);
			defaultConfigurationIsVisible = 0;
			defaultConfigurationName = Release;
		};
/* End XCConfigurationList section */
	};
	rootObject = C09693F32CF7EFE300B7B3C4 /* Project object */;
}
